
Microsoft Visual Studio Solution File, Format Version 12.00
# Visual Studio Version 17
VisualStudioVersion = 17.10.35004.147
MinimumVisualStudioVersion = 10.0.40219.1
Project("{FAE04EC0-301F-11D3-BF4B-00C04F79EFBC}") = "Capstone", "Capstone.csproj", "{BC1880A6-8FAD-45EA-8962-344197C7C8E7}"
EndProject
Global
	GlobalSection(SolutionConfigurationPlatforms) = preSolution
		Debug|Any CPU = Debug|Any CPU
		Release|Any CPU = Release|Any CPU
	EndGlobalSection
	GlobalSection(ProjectConfigurationPlatforms) = postSolution
		{BC1880A6-8FAD-45EA-8962-344197C7C8E7}.Debug|Any CPU.ActiveCfg = Debug|Any CPU
		{BC1880A6-8FAD-45EA-8962-344197C7C8E7}.Debug|Any CPU.Build.0 = Debug|Any CPU
		{BC1880A6-8FAD-45EA-8962-344197C7C8E7}.Release|Any CPU.ActiveCfg = Release|Any CPU
		{BC1880A6-8FAD-45EA-8962-344197C7C8E7}.Release|Any CPU.Build.0 = Release|Any CPU
	EndGlobalSection
	GlobalSection(SolutionProperties) = preSolution
		HideSolutionNode = FALSE
	EndGlobalSection
	GlobalSection(ExtensibilityGlobals) = postSolution
		SolutionGuid = {2613E808-B5FC-42ED-A64C-CFF5C7A91910}
	EndGlobalSection
EndGlobal
